lockfile_version: '1'
generated_at: '2026-04-26T23:27:01.791323+00:00'
apm_version: 0.9.2
dependencies:
- repo_url: lucasflores/agent-skills
  host: github.com
  virtual_path: agents/idea-to-speckit.agent.md
  is_virtual: true
  package_type: apm_package
  deployed_files:
  - .github/agents/idea-to-speckit.agent.md
  deployed_file_hashes:
    .github/agents/idea-to-speckit.agent.md: sha256:f8effb30dcafbda0593e4dd19593acc90814d22ab75350a723e18ec959d5c999
  content_hash: sha256:e91d9b3e108c800fd510cd0ee99335eb08e91ec91967e96d3cf613c069d03fe9
- repo_url: lucasflores/agent-skills
  host: github.com
  virtual_path: prompts/AutoSpecKit.prompt.md
  is_virtual: true
  package_type: apm_package
  deployed_files:
  - .github/prompts/AutoSpecKit.prompt.md
  content_hash: sha256:ab0cbc8ad5c6cb233b9b9038685c5b31082bbf05c411b950b43ef88b4291b5c0
- repo_url: lucasflores/agent-skills
  host: github.com
  resolved_commit: 1f5f1d099c2b2726ee40af736b50e6e8fe5b7283
  virtual_path: skills/commit-pipeline
  is_virtual: true
  package_type: claude_skill
  deployed_files:
  - .github/skills/commit-pipeline
  content_hash: sha256:d1cca5e42f5203f40df8791695e4db21b7b00c5db5ae1ee425d1a657293565e7
- repo_url: lucasflores/agent-skills
  host: github.com
  resolved_commit: 1f5f1d099c2b2726ee40af736b50e6e8fe5b7283
  virtual_path: skills/dev-stack-update
  is_virtual: true
  package_type: claude_skill
  deployed_files:
  - .github/skills/dev-stack-update
  content_hash: sha256:4a8025e3c49c650bd9caf8402820af253e60628c9031a8b3ae8b5b76822eb10c
